
Microsoft Visual Studio Solution File, Format Version 12.00
# Visual Studio 15
Project("{FAE04EC0-301F-11D3-BF4B-00C04F79EFBC}") = "Unity.ML-Agents", "Unity.ML-Agents.csproj", "{FF592CD3-33C6-3593-470D-5308D8DBB3D6}"
EndProject
Project("{FAE04EC0-301F-11D3-BF4B-00C04F79EFBC}") = "Unity.ML-Agents.CommunicatorObjects", "Unity.ML-Agents.CommunicatorObjects.csproj", "{C8087B20-6A34-2209-90F9-6F2962F18219}"
EndProject
Project("{FAE04EC0-301F-11D3-BF4B-00C04F79EFBC}") = "Unity.ML-Agents.Editor", "Unity.ML-Agents.Editor.csproj", "{7D7F8EF9-0820-E8D2-B896-7BEC40C87287}"
EndProject
Project("{FAE04EC0-301F-11D3-BF4B-00C04F79EFBC}") = "Assembly-CSharp-Editor", "Assembly-CSharp-Editor.csproj", "{272E6168-42F8-6E2F-CE3F-26D84103D13F}"
EndProject
Project("{FAE04EC0-301F-11D3-BF4B-00C04F79EFBC}") = "Assembly-CSharp", "Assembly-CSharp.csproj", "{F4917035-5E0F-FC94-11EF-89F43B4DBB07}"
EndProject
Global
	GlobalSection(SolutionConfigurationPlatforms) = preSolution
		Debug|Any CPU = Debug|Any CPU
		Release|Any CPU = Release|Any CPU
	EndGlobalSection
	GlobalSection(ProjectConfigurationPlatforms) = postSolution
		{FF592CD3-33C6-3593-470D-5308D8DBB3D6}.Debug|Any CPU.ActiveCfg = Debug|Any CPU
		{FF592CD3-33C6-3593-470D-5308D8DBB3D6}.Debug|Any CPU.Build.0 = Debug|Any CPU
		{FF592CD3-33C6-3593-470D-5308D8DBB3D6}.Release|Any CPU.ActiveCfg = Release|Any CPU
		{FF592CD3-33C6-3593-470D-5308D8DBB3D6}.Release|Any CPU.Build.0 = Release|Any CPU
		{C8087B20-6A34-2209-90F9-6F2962F18219}.Debug|Any CPU.ActiveCfg = Debug|Any CPU
		{C8087B20-6A34-2209-90F9-6F2962F18219}.Debug|Any CPU.Build.0 = Debug|Any CPU
		{C8087B20-6A34-2209-90F9-6F2962F18219}.Release|Any CPU.ActiveCfg = Release|Any CPU
		{C8087B20-6A34-2209-90F9-6F2962F18219}.Release|Any CPU.Build.0 = Release|Any CPU
		{7D7F8EF9-0820-E8D2-B896-7BEC40C87287}.Debug|Any CPU.ActiveCfg = Debug|Any CPU
		{7D7F8EF9-0820-E8D2-B896-7BEC40C87287}.Debug|Any CPU.Build.0 = Debug|Any CPU
		{7D7F8EF9-0820-E8D2-B896-7BEC40C87287}.Release|Any CPU.ActiveCfg = Release|Any CPU
		{7D7F8EF9-0820-E8D2-B896-7BEC40C87287}.Release|Any CPU.Build.0 = Release|Any CPU
		{272E6168-42F8-6E2F-CE3F-26D84103D13F}.Debug|Any CPU.ActiveCfg = Debug|Any CPU
		{272E6168-42F8-6E2F-CE3F-26D84103D13F}.Debug|Any CPU.Build.0 = Debug|Any CPU
		{272E6168-42F8-6E2F-CE3F-26D84103D13F}.Release|Any CPU.ActiveCfg = Release|Any CPU
		{272E6168-42F8-6E2F-CE3F-26D84103D13F}.Release|Any CPU.Build.0 = Release|Any CPU
		{F4917035-5E0F-FC94-11EF-89F43B4DBB07}.Debug|Any CPU.ActiveCfg = Debug|Any CPU
		{F4917035-5E0F-FC94-11EF-89F43B4DBB07}.Debug|Any CPU.Build.0 = Debug|Any CPU
		{F4917035-5E0F-FC94-11EF-89F43B4DBB07}.Release|Any CPU.ActiveCfg = Release|Any CPU
		{F4917035-5E0F-FC94-11EF-89F43B4DBB07}.Release|Any CPU.Build.0 = Release|Any CPU
	EndGlobalSection
	GlobalSection(SolutionProperties) = preSolution
		HideSolutionNode = FALSE
	EndGlobalSection
EndGlobal
